// !$*UTF8*$!
{
	archiveVersion = 1;
	classes = {
	};
	objectVersion = 56;
	objects = {

/* Begin PBXBuildFile section */
		6F089C9B2B58FE59007176E6 /* LocationDetailView.swift in Sources */ = {isa = PBXBuildFile; fileRef = 6F089C9A2B58FE59007176E6 /* LocationDetailView.swift */; };
		6F0C694D2B5522500012CAF5 /* ScavengerHuntApp.swift in Sources */ = {isa = PBXBuildFile; fileRef = 6F0C694C2B5522500012CAF5 /* ScavengerHuntApp.swift */; };
		6F0C694F2B5522500012CAF5 /* ContentView.swift in Sources */ = {isa = PBXBuildFile; fileRef = 6F0C694E2B5522500012CAF5 /* ContentView.swift */; };
		6F0C69542B5522510012CAF5 /* Preview Assets.xcassets in Resources */ = {isa = PBXBuildFile; fileRef = 6F0C69532B5522510012CAF5 /* Preview Assets.xcassets */; };
		6F0C695B2B567D640012CAF5 /* Assets.xcassets in Resources */ = {isa = PBXBuildFile; fileRef = 6F0C695A2B567D640012CAF5 /* Assets.xcassets */; };
		6F0C69602B567E450012CAF5 /* Location.swift in Sources */ = {isa = PBXBuildFile; fileRef = 6F0C695F2B567E450012CAF5 /* Location.swift */; };
		6F0C69632B567F790012CAF5 /* LocationsDataService.swift in Sources */ = {isa = PBXBuildFile; fileRef = 6F0C69622B567F790012CAF5 /* LocationsDataService.swift */; };
		6F0C69652B568A420012CAF5 /* LocationsView.swift in Sources */ = {isa = PBXBuildFile; fileRef = 6F0C69642B568A420012CAF5 /* LocationsView.swift */; };
		6FC7CC4A2B57AFD700EBF4B6 /* LocationViewModel.swift in Sources */ = {isa = PBXBuildFile; fileRef = 6FC7CC492B57AFD700EBF4B6 /* LocationViewModel.swift */; };
		6FC7CC4C2B57B66E00EBF4B6 /* LocationListView.swift in Sources */ = {isa = PBXBuildFile; fileRef = 6FC7CC4B2B57B66E00EBF4B6 /* LocationListView.swift */; };
		6FC7CC4E2B57BEB300EBF4B6 /* LocationsPreviewView.swift in Sources */ = {isa = PBXBuildFile; fileRef = 6FC7CC4D2B57BEB300EBF4B6 /* LocationsPreviewView.swift */; };
		6FC7CC502B57C93C00EBF4B6 /* MapAnnotationLocationView.swift in Sources */ = {isa = PBXBuildFile; fileRef = 6FC7CC4F2B57C93C00EBF4B6 /* MapAnnotationLocationView.swift */; };
/* End PBXBuildFile section */

/* Begin PBXFileReference section */
		6F089C9A2B58FE59007176E6 /* LocationDetailView.swift */ = {isa = PBXFileReference; lastKnownFileType = sourcecode.swift; path = LocationDetailView.swift; sourceTree = "<group>"; };
		6F0C69492B5522500012CAF5 /* ScavengerHunt.app */ = {isa = PBXFileReference; explicitFileType = wrapper.application; includeInIndex = 0; path = ScavengerHunt.app; sourceTree = BUILT_PRODUCTS_DIR; };
		6F0C694C2B5522500012CAF5 /* ScavengerHuntApp.swift */ = {isa = PBXFileReference; lastKnownFileType = sourcecode.swift; path = ScavengerHuntApp.swift; sourceTree = "<group>"; };
		6F0C694E2B5522500012CAF5 /* ContentView.swift */ = {isa = PBXFileReference; lastKnownFileType = sourcecode.swift; path = ContentView.swift; sourceTree = "<group>"; };
		6F0C69532B5522510012CAF5 /* Preview Assets.xcassets */ = {isa = PBXFileReference; lastKnownFileType = folder.assetcatalog; path = "Preview Assets.xcassets"; sourceTree = "<group>"; };
		6F0C695A2B567D640012CAF5 /* Assets.xcassets */ = {isa = PBXFileReference; lastKnownFileType = folder.assetcatalog; name = Assets.xcassets; path = "../../../../Downloads/b6dc374-3b0b-6bdc-3b7f-f7ce4c005a_SwiftfulMapApp-Downloads/Assets.xcassets"; sourceTree = "<group>"; };
		6F0C695F2B567E450012CAF5 /* Location.swift */ = {isa = PBXFileReference; lastKnownFileType = sourcecode.swift; path = Location.swift; sourceTree = "<group>"; };
		6F0C69622B567F790012CAF5 /* LocationsDataService.swift */ = {isa = PBXFileReference; fileEncoding = 4; lastKnownFileType = sourcecode.swift; path = LocationsDataService.swift; sourceTree = "<group>"; };
		6F0C69642B568A420012CAF5 /* LocationsView.swift */ = {isa = PBXFileReference; lastKnownFileType = sourcecode.swift; path = LocationsView.swift; sourceTree = "<group>"; };
		6FC7CC492B57AFD700EBF4B6 /* LocationViewModel.swift */ = {isa = PBXFileReference; lastKnownFileType = sourcecode.swift; path = LocationViewModel.swift; sourceTree = "<group>"; };
		6FC7CC4B2B57B66E00EBF4B6 /* LocationListView.swift */ = {isa = PBXFileReference; lastKnownFileType = sourcecode.swift; path = LocationListView.swift; sourceTree = "<group>"; };
		6FC7CC4D2B57BEB300EBF4B6 /* LocationsPreviewView.swift */ = {isa = PBXFileReference; lastKnownFileType = sourcecode.swift; path = LocationsPreviewView.swift; sourceTree = "<group>"; };
		6FC7CC4F2B57C93C00EBF4B6 /* MapAnnotationLocationView.swift */ = {isa = PBXFileReference; lastKnownFileType = sourcecode.swift; path = MapAnnotationLocationView.swift; sourceTree = "<group>"; };
/* End PBXFileReference section */

/* Begin PBXFrameworksBuildPhase section */
		6F0C69462B5522500012CAF5 /* Frameworks */ = {
			isa = PBXFrameworksBuildPhase;
			buildActionMask = 2147483647;
			files = (
			);
			runOnlyForDeploymentPostprocessing = 0;
		};
/* End PBXFrameworksBuildPhase section */

/* Begin PBXGroup section */
		6F0C69402B5522500012CAF5 = {
			isa = PBXGroup;
			children = (
				6F0C694B2B5522500012CAF5 /* ScavengerHunt */,
				6F0C694A2B5522500012CAF5 /* Products */,
			);
			sourceTree = "<group>";
		};
		6F0C694A2B5522500012CAF5 /* Products */ = {
			isa = PBXGroup;
			children = (
				6F0C69492B5522500012CAF5 /* ScavengerHunt.app */,
			);
			name = Products;
			sourceTree = "<group>";
		};
		6F0C694B2B5522500012CAF5 /* ScavengerHunt */ = {
			isa = PBXGroup;
			children = (
				6F0C69612B567F6D0012CAF5 /* DataServices */,
				6F0C695C2B567DDB0012CAF5 /* Views */,
				6F0C695E2B567DF20012CAF5 /* ViewModels */,
				6F0C695D2B567DE30012CAF5 /* Models */,
				6F0C694E2B5522500012CAF5 /* ContentView.swift */,
				6F0C694C2B5522500012CAF5 /* ScavengerHuntApp.swift */,
				6F0C695A2B567D640012CAF5 /* Assets.xcassets */,
				6F0C69522B5522510012CAF5 /* Preview Content */,
			);
			path = ScavengerHunt;
			sourceTree = "<group>";
		};
		6F0C69522B5522510012CAF5 /* Preview Content */ = {
			isa = PBXGroup;
			children = (
				6F0C69532B5522510012CAF5 /* Preview Assets.xcassets */,
			);
			path = "Preview Content";
			sourceTree = "<group>";
		};
		6F0C695C2B567DDB0012CAF5 /* Views */ = {
			isa = PBXGroup;
			children = (
				6F0C69642B568A420012CAF5 /* LocationsView.swift */,
				6FC7CC4B2B57B66E00EBF4B6 /* LocationListView.swift */,
				6FC7CC4D2B57BEB300EBF4B6 /* LocationsPreviewView.swift */,
				6FC7CC4F2B57C93C00EBF4B6 /* MapAnnotationLocationView.swift */,
				6F089C9A2B58FE59007176E6 /* LocationDetailView.swift */,
			);
			path = Views;
			sourceTree = "<group>";
		};
		6F0C695D2B567DE30012CAF5 /* Models */ = {
			isa = PBXGroup;
			children = (
				6F0C695F2B567E450012CAF5 /* Location.swift */,
				6FC7CC492B57AFD700EBF4B6 /* LocationViewModel.swift */,
			);
			path = Models;
			sourceTree = "<group>";
		};
		6F0C695E2B567DF20012CAF5 /* ViewModels */ = {
			isa = PBXGroup;
			children = (
			);
			path = ViewModels;
			sourceTree = "<group>";
		};
		6F0C69612B567F6D0012CAF5 /* DataServices */ = {
			isa = PBXGroup;
			children = (
				6F0C69622B567F790012CAF5 /* LocationsDataService.swift */,
			);
			path = DataServices;
			sourceTree = "<group>";
		};
/* End PBXGroup section */

/* Begin PBXNativeTarget section */
		6F0C69482B5522500012CAF5 /* ScavengerHunt */ = {
			isa = PBXNativeTarget;
			buildConfigurationList = 6F0C69572B5522510012CAF5 /* Build configuration list for PBXNativeTarget "ScavengerHunt" */;
			buildPhases = (
				6F0C69452B5522500012CAF5 /* Sources */,
				6F0C69462B5522500012CAF5 /* Frameworks */,
				6F0C69472B5522500012CAF5 /* Resources */,
			);
			buildRules = (
			);
			dependencies = (
			);
			name = ScavengerHunt;
			productName = ScavengerHunt;
			productReference = 6F0C69492B5522500012CAF5 /* ScavengerHunt.app */;
			productType = "com.apple.product-type.application";
		};
/* End PBXNativeTarget section */

/* Begin PBXProject section */
		6F0C69412B5522500012CAF5 /* Project object */ = {
			isa = PBXProject;
			attributes = {
				BuildIndependentTargetsInParallel = 1;
				LastSwiftUpdateCheck = 1510;
				LastUpgradeCheck = 1510;
				TargetAttributes = {
					6F0C69482B5522500012CAF5 = {
						CreatedOnToolsVersion = 15.1;
					};
				};
			};
			buildConfigurationList = 6F0C69442B5522500012CAF5 /* Build configuration list for PBXProject "ScavengerHunt" */;
			compatibilityVersion = "Xcode 14.0";
			developmentRegion = en;
			hasScannedForEncodings = 0;
			knownRegions = (
				en,
				Base,
			);
			mainGroup = 6F0C69402B5522500012CAF5;
			productRefGroup = 6F0C694A2B5522500012CAF5 /* Products */;
			projectDirPath = "";
			projectRoot = "";
			targets = (
				6F0C69482B5522500012CAF5 /* ScavengerHunt */,
			);
		};
/* End PBXProject section */

/* Begin PBXResourcesBuildPhase section */
		6F0C69472B5522500012CAF5 /* Resources */ = {
			isa = PBXResourcesBuildPhase;
			buildActionMask = 2147483647;
			files = (
				6F0C695B2B567D640012CAF5 /* Assets.xcassets in Resources */,
				6F0C69542B5522510012CAF5 /* Preview Assets.xcassets in Resources */,
			);
			runOnlyForDeploymentPostprocessing = 0;
		};
/* End PBXResourcesBuildPhase section */

/* Begin PBXSourcesBuildPhase section */
		6F0C69452B5522500012CAF5 /* Sources */ = {
			isa = PBXSourcesBuildPhase;
			buildActionMask = 2147483647;
			files = (
				6F0C69632B567F790012CAF5 /* LocationsDataService.swift in Sources */,
				6FC7CC4A2B57AFD700EBF4B6 /* LocationViewModel.swift in Sources */,
				6F0C694F2B5522500012CAF5 /* ContentView.swift in Sources */,
				6F0C69652B568A420012CAF5 /* LocationsView.swift in Sources */,
				6FC7CC4C2B57B66E00EBF4B6 /* LocationListView.swift in Sources */,
				6F0C69602B567E450012CAF5 /* Location.swift in Sources */,
				6FC7CC4E2B57BEB300EBF4B6 /* LocationsPreviewView.swift in Sources */,
				6FC7CC502B57C93C00EBF4B6 /* MapAnnotationLocationView.swift in Sources */,
				6F089C9B2B58FE59007176E6 /* LocationDetailView.swift in Sources */,
				6F0C694D2B5522500012CAF5 /* ScavengerHuntApp.swift in Sources */,
			);
			runOnlyForDeploymentPostprocessing = 0;
		};
/* End PBXSourcesBuildPhase section */

/* Begin XCBuildConfiguration section */
		6F0C69552B5522510012CAF5 /* Debug */ = {
			isa = XCBuildConfiguration;
			buildSettings = {
				ALWAYS_SEARCH_USER_PATHS = NO;
				ASSETCATALOG_COMPILER_GENERATE_SWIFT_ASSET_SYMBOL_EXTENSIONS = YES;
				CLANG_ANALYZER_NONNULL = YES;
				CLANG_ANALYZER_NUMBER_OBJECT_CONVERSION = YES_AGGRESSIVE;
				CLANG_CXX_LANGUAGE_STANDARD = "gnu++20";
				CLANG_ENABLE_MODULES = YES;
				CLANG_ENABLE_OBJC_ARC = YES;
				CLANG_ENABLE_OBJC_WEAK = YES;
				CLANG_WARN_BLOCK_CAPTURE_AUTORELEASING = YES;
				CLANG_WARN_BOOL_CONVERSION = YES;
				CLANG_WARN_COMMA = YES;
				CLANG_WARN_CONSTANT_CONVERSION = YES;
				CLANG_WARN_DEPRECATED_OBJC_IMPLEMENTATIONS = YES;
				CLANG_WARN_DIRECT_OBJC_ISA_USAGE = YES_ERROR;
				CLANG_WARN_DOCUMENTATION_COMMENTS = YES;
				CLANG_WARN_EMPTY_BODY = YES;
				CLANG_WARN_ENUM_CONVERSION = YES;
				CLANG_WARN_INFINITE_RECURSION = YES;
				CLANG_WARN_INT_CONVERSION = YES;
				CLANG_WARN_NON_LITERAL_NULL_CONVERSION = YES;
				CLANG_WARN_OBJC_IMPLICIT_RETAIN_SELF = YES;
				CLANG_WARN_OBJC_LITERAL_CONVERSION = YES;
				CLANG_WARN_OBJC_ROOT_CLASS = YES_ERROR;
				CLANG_WARN_QUOTED_INCLUDE_IN_FRAMEWORK_HEADER = YES;
				CLANG_WARN_RANGE_LOOP_ANALYSIS = YES;
				CLANG_WARN_STRICT_PROTOTYPES = YES;
				CLANG_WARN_SUSPICIOUS_MOVE = YES;
				CLANG_WARN_UNGUARDED_AVAILABILITY = YES_AGGRESSIVE;
				CLANG_WARN_UNREACHABLE_CODE = YES;
				CLANG_WARN__DUPLICATE_METHOD_MATCH = YES;
				COPY_PHASE_STRIP = NO;
				DEBUG_INFORMATION_FORMAT = dwarf;
				ENABLE_STRICT_OBJC_MSGSEND = YES;
				ENABLE_TESTABILITY = YES;
				ENABLE_USER_SCRIPT_SANDBOXING = YES;
				GCC_C_LANGUAGE_STANDARD = gnu17;
				GCC_DYNAMIC_NO_PIC = NO;
				GCC_NO_COMMON_BLOCKS = YES;
				GCC_OPTIMIZATION_LEVEL = 0;
				GCC_PREPROCESSOR_DEFINITIONS = (
					"DEBUG=1",
					"$(inherited)",
				);
				GCC_WARN_64_TO_32_BIT_CONVERSION = YES;
				GCC_WARN_ABOUT_RETURN_TYPE = YES_ERROR;
				GCC_WARN_UNDECLARED_SELECTOR = YES;
				GCC_WARN_UNINITIALIZED_AUTOS = YES_AGGRESSIVE;
				GCC_WARN_UNUSED_FUNCTION = YES;
				GCC_WARN_UNUSED_VARIABLE = YES;
				IPHONEOS_DEPLOYMENT_TARGET = 17.2;
				LOCALIZATION_PREFERS_STRING_CATALOGS = YES;
				MTL_ENABLE_DEBUG_INFO = INCLUDE_SOURCE;
				MTL_FAST_MATH = YES;
				ONLY_ACTIVE_ARCH = YES;
				SDKROOT = iphoneos;
				SWIFT_ACTIVE_COMPILATION_CONDITIONS = "DEBUG $(inherited)";
				SWIFT_OPTIMIZATION_LEVEL = "-Onone";
			};
			name = Debug;
		};
		6F0C69562B5522510012CAF5 /* Release */ = {
			isa = XCBuildConfiguration;
			buildSettings = {
				ALWAYS_SEARCH_USER_PATHS = NO;
				ASSETCATALOG_COMPILER_GENERATE_SWIFT_ASSET_SYMBOL_EXTENSIONS = YES;
				CLANG_ANALYZER_NONNULL = YES;
				CLANG_ANALYZER_NUMBER_OBJECT_CONVERSION = YES_AGGRESSIVE;
				CLANG_CXX_LANGUAGE_STANDARD = "gnu++20";
				CLANG_ENABLE_MODULES = YES;
				CLANG_ENABLE_OBJC_ARC = YES;
				CLANG_ENABLE_OBJC_WEAK = YES;
				CLANG_WARN_BLOCK_CAPTURE_AUTORELEASING = YES;
				CLANG_WARN_BOOL_CONVERSION = YES;
				CLANG_WARN_COMMA = YES;
				CLANG_WARN_CONSTANT_CONVERSION = YES;
				CLANG_WARN_DEPRECATED_OBJC_IMPLEMENTATIONS = YES;
				CLANG_WARN_DIRECT_OBJC_ISA_USAGE = YES_ERROR;
				CLANG_WARN_DOCUMENTATION_COMMENTS = YES;
				CLANG_WARN_EMPTY_BODY = YES;
				CLANG_WARN_ENUM_CONVERSION = YES;
				CLANG_WARN_INFINITE_RECURSION = YES;
				CLANG_WARN_INT_CONVERSION = YES;
				CLANG_WARN_NON_LITERAL_NULL_CONVERSION = YES;
				CLANG_WARN_OBJC_IMPLICIT_RETAIN_SELF = YES;
				CLANG_WARN_OBJC_LITERAL_CONVERSION = YES;
				CLANG_WARN_OBJC_ROOT_CLASS = YES_ERROR;
				CLANG_WARN_QUOTED_INCLUDE_IN_FRAMEWORK_HEADER = YES;
				CLANG_WARN_RANGE_LOOP_ANALYSIS = YES;
				CLANG_WARN_STRICT_PROTOTYPES = YES;
				CLANG_WARN_SUSPICIOUS_MOVE = YES;
				CLANG_WARN_UNGUARDED_AVAILABILITY = YES_AGGRESSIVE;
				CLANG_WARN_UNREACHABLE_CODE = YES;
				CLANG_WARN__DUPLICATE_METHOD_MATCH = YES;
				COPY_PHASE_STRIP = NO;
				DEBUG_INFORMATION_FORMAT = "dwarf-with-dsym";
				ENABLE_NS_ASSERTIONS = NO;
				ENABLE_STRICT_OBJC_MSGSEND = YES;
				ENABLE_USER_SCRIPT_SANDBOXING = YES;
				GCC_C_LANGUAGE_STANDARD = gnu17;
				GCC_NO_COMMON_BLOCKS = YES;
				GCC_WARN_64_TO_32_BIT_CONVERSION = YES;
				GCC_WARN_ABOUT_RETURN_TYPE = YES_ERROR;
				GCC_WARN_UNDECLARED_SELECTOR = YES;
				GCC_WARN_UNINITIALIZED_AUTOS = YES_AGGRESSIVE;
				GCC_WARN_UNUSED_FUNCTION = YES;
				GCC_WARN_UNUSED_VARIABLE = YES;
				IPHONEOS_DEPLOYMENT_TARGET = 17.2;
				LOCALIZATION_PREFERS_STRING_CATALOGS = YES;
				MTL_ENABLE_DEBUG_INFO = NO;
				MTL_FAST_MATH = YES;
				SDKROOT = iphoneos;
				SWIFT_COMPILATION_MODE = wholemodule;
				VALIDATE_PRODUCT = YES;
			};
			name = Release;
		};
		6F0C69582B5522510012CAF5 /* Debug */ = {
			isa = XCBuildConfiguration;
			buildSettings = {
				ASSETCATALOG_COMPILER_APPICON_NAME = AppIcon;
				ASSETCATALOG_COMPILER_GLOBAL_ACCENT_COLOR_NAME = AccentColor;
				CODE_SIGN_STYLE = Automatic;
				CURRENT_PROJECT_VERSION = 1;
				DEVELOPMENT_ASSET_PATHS = "\"ScavengerHunt/Preview Content\"";
				DEVELOPMENT_TEAM = 932HV6TJ62;
				ENABLE_PREVIEWS = YES;
				GENERATE_INFOPLIST_FILE = YES;
				INFOPLIST_KEY_UIApplicationSceneManifest_Generation = YES;
				INFOPLIST_KEY_UIApplicationSupportsIndirectInputEvents = YES;
				INFOPLIST_KEY_UILaunchScreen_Generation = YES;
				INFOPLIST_KEY_UISupportedInterfaceOrientations_iPad = "UIInterfaceOrientationPortrait UIInterfaceOrientationPortraitUpsideDown UIInterfaceOrientationLandscapeLeft UIInterfaceOrientationLandscapeRight";
				INFOPLIST_KEY_UISupportedInterfaceOrientations_iPhone = "UIInterfaceOrientationPortrait UIInterfaceOrientationLandscapeLeft UIInterfaceOrientationLandscapeRight";
				LD_RUNPATH_SEARCH_PATHS = (
					"$(inherited)",
					"@executable_path/Frameworks",
				);
				MARKETING_VERSION = 1.0;
				PRODUCT_BUNDLE_IDENTIFIER = apple.ScavengerHunt;
				PRODUCT_NAME = "$(TARGET_NAME)";
				SWIFT_EMIT_LOC_STRINGS = YES;
				SWIFT_VERSION = 5.0;
				TARGETED_DEVICE_FAMILY = "1,2";
			};
			name = Debug;
		};
		6F0C69592B5522510012CAF5 /* Release */ = {
			isa = XCBuildConfiguration;
			buildSettings = {
				ASSETCATALOG_COMPILER_APPICON_NAME = AppIcon;
				ASSETCATALOG_COMPILER_GLOBAL_ACCENT_COLOR_NAME = AccentColor;
				CODE_SIGN_STYLE = Automatic;
				CURRENT_PROJECT_VERSION = 1;
				DEVELOPMENT_ASSET_PATHS = "\"ScavengerHunt/Preview Content\"";
				DEVELOPMENT_TEAM = 932HV6TJ62;
				ENABLE_PREVIEWS = YES;
				GENERATE_INFOPLIST_FILE = YES;
				INFOPLIST_KEY_UIApplicationSceneManifest_Generation = YES;
				INFOPLIST_KEY_UIApplicationSupportsIndirectInputEvents = YES;
				INFOPLIST_KEY_UILaunchScreen_Generation = YES;
				INFOPLIST_KEY_UISupportedInterfaceOrientations_iPad = "UIInterfaceOrientationPortrait UIInterfaceOrientationPortraitUpsideDown UIInterfaceOrientationLandscapeLeft UIInterfaceOrientationLandscapeRight";
				INFOPLIST_KEY_UISupportedInterfaceOrientations_iPhone = "UIInterfaceOrientationPortrait UIInterfaceOrientationLandscapeLeft UIInterfaceOrientationLandscapeRight";
				LD_RUNPATH_SEARCH_PATHS = (
					"$(inherited)",
					"@executable_path/Frameworks",
				);
				MARKETING_VERSION = 1.0;
				PRODUCT_BUNDLE_IDENTIFIER = apple.ScavengerHunt;
				PRODUCT_NAME = "$(TARGET_NAME)";
				SWIFT_EMIT_LOC_STRINGS = YES;
				SWIFT_VERSION = 5.0;
				TARGETED_DEVICE_FAMILY = "1,2";
			};
			name = Release;
		};
/* End XCBuildConfiguration section */

/* Begin XCConfigurationList section */
		6F0C69442B5522500012CAF5 /* Build configuration list for PBXProject "ScavengerHunt" */ = {
			isa = XCConfigurationList;
			buildConfigurations = (
				6F0C69552B5522510012CAF5 /* Debug */,
				6F0C69562B5522510012CAF5 /* Release */,
			);
			defaultConfigurationIsVisible = 0;
			defaultConfigurationName = Release;
		};
		6F0C69572B5522510012CAF5 /* Build configuration list for PBXNativeTarget "ScavengerHunt" */ = {
			isa = XCConfigurationList;
			buildConfigurations = (
				6F0C69582B5522510012CAF5 /* Debug */,
				6F0C69592B5522510012CAF5 /* Release */,
			);
			defaultConfigurationIsVisible = 0;
			defaultConfigurationName = Release;
		};
/* End XCConfigurationList section */
	};
	rootObject = 6F0C69412B5522500012CAF5 /* Project object */;
}
